// !$*UTF8*$!
{
	archiveVersion = 1;
	classes = {
	};
	objectVersion = 46;
	objects = {

/* Begin PBXBuildFile section */
		452256810D1502961064E431 /* libPods-PalettesTests.a in Frameworks */ = {isa = PBXBuildFile; fileRef = EB3B63C1C244E094E5389CEB /* libPods-PalettesTests.a */; };
		B19358C61BCD917FBC84EBB5 /* libPods-Palettes.a in Frameworks */ = {isa = PBXBuildFile; fileRef = D89AB9527A43CD6EF29B6C35 /* libPods-Palettes.a */; };
		F7199F301A3F53A700CA4FFB /* CoreDataManager.swift in Sources */ = {isa = PBXBuildFile; fileRef = F7199F2F1A3F53A700CA4FFB /* CoreDataManager.swift */; };
		F72F21691A3F9F9600FA397C /* DataController.swift in Sources */ = {isa = PBXBuildFile; fileRef = F72F21681A3F9F9600FA397C /* DataController.swift */; };
		F72F216B1A3FA0DA00FA397C /* palettes.json in Resources */ = {isa = PBXBuildFile; fileRef = F72F216A1A3FA0DA00FA397C /* palettes.json */; };
		F72F216E1A3FA1AE00FA397C /* Palettes.xcdatamodeld in Sources */ = {isa = PBXBuildFile; fileRef = F72F216C1A3FA1AE00FA397C /* Palettes.xcdatamodeld */; };
		F75B0DCC1A40286F00B0F10D /* ArrayTransformer.swift in Sources */ = {isa = PBXBuildFile; fileRef = F75B0DCB1A40286F00B0F10D /* ArrayTransformer.swift */; };
		F766D3A01A3A8042003E4A7C /* NSData+JSON.swift in Sources */ = {isa = PBXBuildFile; fileRef = F766D39F1A3A8042003E4A7C /* NSData+JSON.swift */; };
		F77A444B1A3A5D64004C0990 /* AppDelegate.swift in Sources */ = {isa = PBXBuildFile; fileRef = F77A444A1A3A5D64004C0990 /* AppDelegate.swift */; };
		F77A44521A3A5D64004C0990 /* Images.xcassets in Resources */ = {isa = PBXBuildFile; fileRef = F77A44511A3A5D64004C0990 /* Images.xcassets */; };
		F77A44551A3A5D64004C0990 /* LaunchScreen.xib in Resources */ = {isa = PBXBuildFile; fileRef = F77A44531A3A5D64004C0990 /* LaunchScreen.xib */; };
		F77A44611A3A5D64004C0990 /* PalettesTests.swift in Sources */ = {isa = PBXBuildFile; fileRef = F77A44601A3A5D64004C0990 /* PalettesTests.swift */; };
		F77A44721A3A5D95004C0990 /* ColourLovers.swift in Sources */ = {isa = PBXBuildFile; fileRef = F77A446A1A3A5D95004C0990 /* ColourLovers.swift */; };
		F77A44731A3A5D95004C0990 /* NetworkController.swift in Sources */ = {isa = PBXBuildFile; fileRef = F77A446B1A3A5D95004C0990 /* NetworkController.swift */; };
		F77A44751A3A5D95004C0990 /* PaletteCell.swift in Sources */ = {isa = PBXBuildFile; fileRef = F77A446D1A3A5D95004C0990 /* PaletteCell.swift */; };
		F77A44761A3A5D95004C0990 /* PalettesFlowLayout.swift in Sources */ = {isa = PBXBuildFile; fileRef = F77A446E1A3A5D95004C0990 /* PalettesFlowLayout.swift */; };
		F77A44771A3A5D95004C0990 /* PalettesViewController.swift in Sources */ = {isa = PBXBuildFile; fileRef = F77A446F1A3A5D95004C0990 /* PalettesViewController.swift */; };
		F77A44781A3A5D95004C0990 /* PalettesContentStore.swift in Sources */ = {isa = PBXBuildFile; fileRef = F77A44701A3A5D95004C0990 /* PalettesContentStore.swift */; };
		F77A44791A3A5D95004C0990 /* UIColor+HexColors.swift in Sources */ = {isa = PBXBuildFile; fileRef = F77A44711A3A5D95004C0990 /* UIColor+HexColors.swift */; };
		F77A447C1A3A5DD2004C0990 /* Main.storyboard in Resources */ = {isa = PBXBuildFile; fileRef = F77A447A1A3A5DD2004C0990 /* Main.storyboard */; };
		F78C88EB1A3B65F200145D3B /* PaletteViewModel.swift in Sources */ = {isa = PBXBuildFile; fileRef = F78C88EA1A3B65F200145D3B /* PaletteViewModel.swift */; };
		F7A532E31A400FB500D90606 /* BasicIncrementalStore.swift in Sources */ = {isa = PBXBuildFile; fileRef = F7A532E21A400FB500D90606 /* BasicIncrementalStore.swift */; };
		F7C1A4531A3A87A10000B2C7 /* PaletteColorView.swift in Sources */ = {isa = PBXBuildFile; fileRef = F7C1A4521A3A87A10000B2C7 /* PaletteColorView.swift */; };
		F7C1A4561A3A8F530000B2C7 /* NSDictionary+Parsing.swift in Sources */ = {isa = PBXBuildFile; fileRef = F7C1A4551A3A8F530000B2C7 /* NSDictionary+Parsing.swift */; };
		F7C1A4591A3A96190000B2C7 /* ReactiveCocoaBindings.swift in Sources */ = {isa = PBXBuildFile; fileRef = F7C1A4581A3A96190000B2C7 /* ReactiveCocoaBindings.swift */; };
		F7EB5C581A402C3C00989A04 /* Palette.swift in Sources */ = {isa = PBXBuildFile; fileRef = F7EB5C571A402C3C00989A04 /* Palette.swift */; };
		F7EB5C5A1A402D6A00989A04 /* NSManagedObject+Palette.swift in Sources */ = {isa = PBXBuildFile; fileRef = F7EB5C591A402D6A00989A04 /* NSManagedObject+Palette.swift */; };
/* End PBXBuildFile section */

/* Begin PBXContainerItemProxy section */
		F77A445B1A3A5D64004C0990 /* PBXContainerItemProxy */ = {
			isa = PBXContainerItemProxy;
			containerPortal = F77A443D1A3A5D64004C0990 /* Project object */;
			proxyType = 1;
			remoteGlobalIDString = F77A44441A3A5D64004C0990;
			remoteInfo = Palettes;
		};
/* End PBXContainerItemProxy section */

/* Begin PBXFileReference section */
		5488DD2F9E08469414FE67AE /* Pods-PalettesTests.debug.xcconfig */ = {isa = PBXFileReference; includeInIndex = 1; lastKnownFileType = text.xcconfig; name = "Pods-PalettesTests.debug.xcconfig"; path = "Pods/Target Support Files/Pods-PalettesTests/Pods-PalettesTests.debug.xcconfig"; sourceTree = "<group>"; };
		5A58EEB63084ECEA0A451EA2 /* Pods-PalettesTests.release.xcconfig */ = {isa = PBXFileReference; includeInIndex = 1; lastKnownFileType = text.xcconfig; name = "Pods-PalettesTests.release.xcconfig"; path = "Pods/Target Support Files/Pods-PalettesTests/Pods-PalettesTests.release.xcconfig"; sourceTree = "<group>"; };
		D66E7F3F324FE620C82ADFCF /* Pods-Palettes.debug.xcconfig */ = {isa = PBXFileReference; includeInIndex = 1; lastKnownFileType = text.xcconfig; name = "Pods-Palettes.debug.xcconfig"; path = "Pods/Target Support Files/Pods-Palettes/Pods-Palettes.debug.xcconfig"; sourceTree = "<group>"; };
		D89AB9527A43CD6EF29B6C35 /* libPods-Palettes.a */ = {isa = PBXFileReference; explicitFileType = archive.ar; includeInIndex = 0; path = "libPods-Palettes.a"; sourceTree = BUILT_PRODUCTS_DIR; };
		EB3B63C1C244E094E5389CEB /* libPods-PalettesTests.a */ = {isa = PBXFileReference; explicitFileType = archive.ar; includeInIndex = 0; path = "libPods-PalettesTests.a"; sourceTree = BUILT_PRODUCTS_DIR; };
		F7199F2F1A3F53A700CA4FFB /* CoreDataManager.swift */ = {isa = PBXFileReference; fileEncoding = 4; lastKnownFileType = sourcecode.swift; path = CoreDataManager.swift; sourceTree = "<group>"; };
		F72F21681A3F9F9600FA397C /* DataController.swift */ = {isa = PBXFileReference; fileEncoding = 4; lastKnownFileType = sourcecode.swift; path = DataController.swift; sourceTree = "<group>"; };
		F72F216A1A3FA0DA00FA397C /* palettes.json */ = {isa = PBXFileReference; fileEncoding = 4; lastKnownFileType = text.json; path = palettes.json; sourceTree = "<group>"; };
		F72F216D1A3FA1AE00FA397C /* Palettes.xcdatamodel */ = {isa = PBXFileReference; lastKnownFileType = wrapper.xcdatamodel; path = Palettes.xcdatamodel; sourceTree = "<group>"; };
		F75B0DCB1A40286F00B0F10D /* ArrayTransformer.swift */ = {isa = PBXFileReference; fileEncoding = 4; lastKnownFileType = sourcecode.swift; path = ArrayTransformer.swift; sourceTree = "<group>"; };
		F766D39E1A3A5F24003E4A7C /* Palettes-Bridging-Header.h */ = {isa = PBXFileReference; fileEncoding = 4; lastKnownFileType = sourcecode.c.h; path = "Palettes-Bridging-Header.h"; sourceTree = "<group>"; };
		F766D39F1A3A8042003E4A7C /* NSData+JSON.swift */ = {isa = PBXFileReference; fileEncoding = 4; lastKnownFileType = sourcecode.swift; path = "NSData+JSON.swift"; sourceTree = "<group>"; };
		F77A44451A3A5D64004C0990 /* Palettes.app */ = {isa = PBXFileReference; explicitFileType = wrapper.application; includeInIndex = 0; path = Palettes.app; sourceTree = BUILT_PRODUCTS_DIR; };
		F77A44491A3A5D64004C0990 /* Info.plist */ = {isa = PBXFileReference; lastKnownFileType = text.plist.xml; path = Info.plist; sourceTree = "<group>"; };
		F77A444A1A3A5D64004C0990 /* AppDelegate.swift */ = {isa = PBXFileReference; lastKnownFileType = sourcecode.swift; path = AppDelegate.swift; sourceTree = "<group>"; };
		F77A44511A3A5D64004C0990 /* Images.xcassets */ = {isa = PBXFileReference; lastKnownFileType = folder.assetcatalog; path = Images.xcassets; sourceTree = "<group>"; };
		F77A44541A3A5D64004C0990 /* Base */ = {isa = PBXFileReference; lastKnownFileType = file.xib; name = Base; path = Base.lproj/LaunchScreen.xib; sourceTree = "<group>"; };
		F77A445A1A3A5D64004C0990 /* PalettesTests.xctest */ = {isa = PBXFileReference; explicitFileType = wrapper.cfbundle; includeInIndex = 0; path = PalettesTests.xctest; sourceTree = BUILT_PRODUCTS_DIR; };
		F77A445F1A3A5D64004C0990 /* Info.plist */ = {isa = PBXFileReference; lastKnownFileType = text.plist.xml; path = Info.plist; sourceTree = "<group>"; };
		F77A44601A3A5D64004C0990 /* PalettesTests.swift */ = {isa = PBXFileReference; lastKnownFileType = sourcecode.swift; path = PalettesTests.swift; sourceTree = "<group>"; };
		F77A446A1A3A5D95004C0990 /* ColourLovers.swift */ = {isa = PBXFileReference; fileEncoding = 4; lastKnownFileType = sourcecode.swift; path = ColourLovers.swift; sourceTree = "<group>"; };
		F77A446B1A3A5D95004C0990 /* NetworkController.swift */ = {isa = PBXFileReference; fileEncoding = 4; lastKnownFileType = sourcecode.swift; path = NetworkController.swift; sourceTree = "<group>"; };
		F77A446D1A3A5D95004C0990 /* PaletteCell.swift */ = {isa = PBXFileReference; fileEncoding = 4; lastKnownFileType = sourcecode.swift; path = PaletteCell.swift; sourceTree = "<group>"; };
		F77A446E1A3A5D95004C0990 /* PalettesFlowLayout.swift */ = {isa = PBXFileReference; fileEncoding = 4; lastKnownFileType = sourcecode.swift; path = PalettesFlowLayout.swift; sourceTree = "<group>"; };
		F77A446F1A3A5D95004C0990 /* PalettesViewController.swift */ = {isa = PBXFileReference; fileEncoding = 4; lastKnownFileType = sourcecode.swift; path = PalettesViewController.swift; sourceTree = "<group>"; };
		F77A44701A3A5D95004C0990 /* PalettesContentStore.swift */ = {isa = PBXFileReference; fileEncoding = 4; lastKnownFileType = sourcecode.swift; path = PalettesContentStore.swift; sourceTree = "<group>"; };
		F77A44711A3A5D95004C0990 /* UIColor+HexColors.swift */ = {isa = PBXFileReference; fileEncoding = 4; lastKnownFileType = sourcecode.swift; path = "UIColor+HexColors.swift"; sourceTree = "<group>"; };
		F77A447B1A3A5DD2004C0990 /* Base */ = {isa = PBXFileReference; lastKnownFileType = file.storyboard; name = Base; path = Base.lproj/Main.storyboard; sourceTree = "<group>"; };
		F78C88EA1A3B65F200145D3B /* PaletteViewModel.swift */ = {isa = PBXFileReference; fileEncoding = 4; lastKnownFileType = sourcecode.swift; path = PaletteViewModel.swift; sourceTree = "<group>"; };
		F7A532E21A400FB500D90606 /* BasicIncrementalStore.swift */ = {isa = PBXFileReference; fileEncoding = 4; lastKnownFileType = sourcecode.swift; path = BasicIncrementalStore.swift; sourceTree = "<group>"; };
		F7C1A4521A3A87A10000B2C7 /* PaletteColorView.swift */ = {isa = PBXFileReference; fileEncoding = 4; lastKnownFileType = sourcecode.swift; path = PaletteColorView.swift; sourceTree = "<group>"; };
		F7C1A4551A3A8F530000B2C7 /* NSDictionary+Parsing.swift */ = {isa = PBXFileReference; fileEncoding = 4; lastKnownFileType = sourcecode.swift; path = "NSDictionary+Parsing.swift"; sourceTree = "<group>"; };
		F7C1A4581A3A96190000B2C7 /* ReactiveCocoaBindings.swift */ = {isa = PBXFileReference; fileEncoding = 4; lastKnownFileType = sourcecode.swift; path = ReactiveCocoaBindings.swift; sourceTree = "<group>"; };
		F7EB5C571A402C3C00989A04 /* Palette.swift */ = {isa = PBXFileReference; fileEncoding = 4; lastKnownFileType = sourcecode.swift; path = Palette.swift; sourceTree = "<group>"; };
		F7EB5C591A402D6A00989A04 /* NSManagedObject+Palette.swift */ = {isa = PBXFileReference; fileEncoding = 4; lastKnownFileType = sourcecode.swift; path = "NSManagedObject+Palette.swift"; sourceTree = "<group>"; };
		FA2E52F1AA940E4429907847 /* Pods-Palettes.release.xcconfig */ = {isa = PBXFileReference; includeInIndex = 1; lastKnownFileType = text.xcconfig; name = "Pods-Palettes.release.xcconfig"; path = "Pods/Target Support Files/Pods-Palettes/Pods-Palettes.release.xcconfig"; sourceTree = "<group>"; };
/* End PBXFileReference section */

/* Begin PBXFrameworksBuildPhase section */
		F77A44421A3A5D64004C0990 /* Frameworks */ = {
			isa = PBXFrameworksBuildPhase;
			buildActionMask = 2147483647;
			files = (
				B19358C61BCD917FBC84EBB5 /* libPods-Palettes.a in Frameworks */,
			);
			runOnlyForDeploymentPostprocessing = 0;
		};
		F77A44571A3A5D64004C0990 /* Frameworks */ = {
			isa = PBXFrameworksBuildPhase;
			buildActionMask = 2147483647;
			files = (
				452256810D1502961064E431 /* libPods-PalettesTests.a in Frameworks */,
			);
			runOnlyForDeploymentPostprocessing = 0;
		};
/* End PBXFrameworksBuildPhase section */

/* Begin PBXGroup section */
		2A38D708577607A20FCEAF8B /* Frameworks */ = {
			isa = PBXGroup;
			children = (
				D89AB9527A43CD6EF29B6C35 /* libPods-Palettes.a */,
				EB3B63C1C244E094E5389CEB /* libPods-PalettesTests.a */,
			);
			name = Frameworks;
			sourceTree = "<group>";
		};
		F766D3A31A3A8398003E4A7C /* Extensions */ = {
			isa = PBXGroup;
			children = (
				F77A44711A3A5D95004C0990 /* UIColor+HexColors.swift */,
				F766D39F1A3A8042003E4A7C /* NSData+JSON.swift */,
				F7C1A4551A3A8F530000B2C7 /* NSDictionary+Parsing.swift */,
			);
			name = Extensions;
			sourceTree = "<group>";
		};
		F77A443C1A3A5D64004C0990 = {
			isa = PBXGroup;
			children = (
				F77A44471A3A5D64004C0990 /* Palettes */,
				F77A445D1A3A5D64004C0990 /* PalettesTests */,
				F77A44461A3A5D64004C0990 /* Products */,
				FCD50A479E108067024B5BBE /* Pods */,
				2A38D708577607A20FCEAF8B /* Frameworks */,
			);
			sourceTree = "<group>";
		};
		F77A44461A3A5D64004C0990 /* Products */ = {
			isa = PBXGroup;
			children = (
				F77A44451A3A5D64004C0990 /* Palettes.app */,
				F77A445A1A3A5D64004C0990 /* PalettesTests.xctest */,
			);
			name = Products;
			sourceTree = "<group>";
		};
		F77A44471A3A5D64004C0990 /* Palettes */ = {
			isa = PBXGroup;
			children = (
				F77A444A1A3A5D64004C0990 /* AppDelegate.swift */,
				F7C1A4541A3A8D180000B2C7 /* Model */,
				F7C1A4511A3A87850000B2C7 /* View */,
				F7C1A45B1A3AB6020000B2C7 /* Controller */,
				F7C1A45A1A3AB5EE0000B2C7 /* ViewModel */,
				F766D3A31A3A8398003E4A7C /* Extensions */,
				F77A447A1A3A5DD2004C0990 /* Main.storyboard */,
				F77A44511A3A5D64004C0990 /* Images.xcassets */,
				F77A44531A3A5D64004C0990 /* LaunchScreen.xib */,
				F77A44481A3A5D64004C0990 /* Supporting Files */,
				F766D39E1A3A5F24003E4A7C /* Palettes-Bridging-Header.h */,
				F7C1A4581A3A96190000B2C7 /* ReactiveCocoaBindings.swift */,
			);
			path = Palettes;
			sourceTree = "<group>";
		};
		F77A44481A3A5D64004C0990 /* Supporting Files */ = {
			isa = PBXGroup;
			children = (
				F72F216A1A3FA0DA00FA397C /* palettes.json */,
				F77A44491A3A5D64004C0990 /* Info.plist */,
			);
			name = "Supporting Files";
			sourceTree = "<group>";
		};
		F77A445D1A3A5D64004C0990 /* PalettesTests */ = {
			isa = PBXGroup;
			children = (
				F77A44601A3A5D64004C0990 /* PalettesTests.swift */,
				F77A445E1A3A5D64004C0990 /* Supporting Files */,
			);
			path = PalettesTests;
			sourceTree = "<group>";
		};
		F77A445E1A3A5D64004C0990 /* Supporting Files */ = {
			isa = PBXGroup;
			children = (
				F77A445F1A3A5D64004C0990 /* Info.plist */,
			);
			name = "Supporting Files";
			sourceTree = "<group>";
		};
		F7C1A4511A3A87850000B2C7 /* View */ = {
			isa = PBXGroup;
			children = (
				F77A446D1A3A5D95004C0990 /* PaletteCell.swift */,
				F7C1A4521A3A87A10000B2C7 /* PaletteColorView.swift */,
				F77A446E1A3A5D95004C0990 /* PalettesFlowLayout.swift */,
			);
			name = View;
			sourceTree = "<group>";
		};
		F7C1A4541A3A8D180000B2C7 /* Model */ = {
			isa = PBXGroup;
			children = (
				F7EB5C571A402C3C00989A04 /* Palette.swift */,
				F7199F2F1A3F53A700CA4FFB /* CoreDataManager.swift */,
				F7A532E21A400FB500D90606 /* BasicIncrementalStore.swift */,
				F75B0DCB1A40286F00B0F10D /* ArrayTransformer.swift */,
				F7EB5C591A402D6A00989A04 /* NSManagedObject+Palette.swift */,
				F72F216C1A3FA1AE00FA397C /* Palettes.xcdatamodeld */,
			);
			name = Model;
			sourceTree = "<group>";
		};
		F7C1A45A1A3AB5EE0000B2C7 /* ViewModel */ = {
			isa = PBXGroup;
			children = (
				F77A44701A3A5D95004C0990 /* PalettesContentStore.swift */,
				F78C88EA1A3B65F200145D3B /* PaletteViewModel.swift */,
			);
			name = ViewModel;
			sourceTree = "<group>";
		};
		F7C1A45B1A3AB6020000B2C7 /* Controller */ = {
			isa = PBXGroup;
			children = (
				F77A446F1A3A5D95004C0990 /* PalettesViewController.swift */,
				F77A446B1A3A5D95004C0990 /* NetworkController.swift */,
				F72F21681A3F9F9600FA397C /* DataController.swift */,
				F77A446A1A3A5D95004C0990 /* ColourLovers.swift */,
			);
			name = Controller;
			sourceTree = "<group>";
		};
		FCD50A479E108067024B5BBE /* Pods */ = {
			isa = PBXGroup;
			children = (
				D66E7F3F324FE620C82ADFCF /* Pods-Palettes.debug.xcconfig */,
				FA2E52F1AA940E4429907847 /* Pods-Palettes.release.xcconfig */,
				5488DD2F9E08469414FE67AE /* Pods-PalettesTests.debug.xcconfig */,
				5A58EEB63084ECEA0A451EA2 /* Pods-PalettesTests.release.xcconfig */,
			);
			name = Pods;
			sourceTree = "<group>";
		};
/* End PBXGroup section */

/* Begin PBXNativeTarget section */
		F77A44441A3A5D64004C0990 /* Palettes */ = {
			isa = PBXNativeTarget;
			buildConfigurationList = F77A44641A3A5D64004C0990 /* Build configuration list for PBXNativeTarget "Palettes" */;
			buildPhases = (
				DFAEDF301047BD6634EFC0BA /* Check Pods Manifest.lock */,
				F77A44411A3A5D64004C0990 /* Sources */,
				F77A44421A3A5D64004C0990 /* Frameworks */,
				F77A44431A3A5D64004C0990 /* Resources */,
				61C3D64261DEB80D77F22CB3 /* Copy Pods Resources */,
			);
			buildRules = (
			);
			dependencies = (
			);
			name = Palettes;
			productName = Palettes;
			productReference = F77A44451A3A5D64004C0990 /* Palettes.app */;
			productType = "com.apple.product-type.application";
		};
		F77A44591A3A5D64004C0990 /* PalettesTests */ = {
			isa = PBXNativeTarget;
			buildConfigurationList = F77A44671A3A5D64004C0990 /* Build configuration list for PBXNativeTarget "PalettesTests" */;
			buildPhases = (
				99D667776B8ACC5FD347E22E /* Check Pods Manifest.lock */,
				F77A44561A3A5D64004C0990 /* Sources */,
				F77A44571A3A5D64004C0990 /* Frameworks */,
				F77A44581A3A5D64004C0990 /* Resources */,
				08CCB77DE4A655A4D4C72702 /* Copy Pods Resources */,
			);
			buildRules = (
			);
			dependencies = (
				F77A445C1A3A5D64004C0990 /* PBXTargetDependency */,
			);
			name = PalettesTests;
			productName = PalettesTests;
			productReference = F77A445A1A3A5D64004C0990 /* PalettesTests.xctest */;
			productType = "com.apple.product-type.bundle.unit-test";
		};
/* End PBXNativeTarget section */

/* Begin PBXProject section */
		F77A443D1A3A5D64004C0990 /* Project object */ = {
			isa = PBXProject;
			attributes = {
				LastUpgradeCheck = 0620;
				ORGANIZATIONNAME = "Andrew Shepard";
				TargetAttributes = {
					F77A44441A3A5D64004C0990 = {
						CreatedOnToolsVersion = 6.2;
					};
					F77A44591A3A5D64004C0990 = {
						CreatedOnToolsVersion = 6.2;
						TestTargetID = F77A44441A3A5D64004C0990;
					};
				};
			};
			buildConfigurationList = F77A44401A3A5D64004C0990 /* Build configuration list for PBXProject "Palettes" */;
			compatibilityVersion = "Xcode 3.2";
			developmentRegion = English;
			hasScannedForEncodings = 0;
			knownRegions = (
				en,
				Base,
			);
			mainGroup = F77A443C1A3A5D64004C0990;
			productRefGroup = F77A44461A3A5D64004C0990 /* Products */;
			projectDirPath = "";
			projectRoot = "";
			targets = (
				F77A44441A3A5D64004C0990 /* Palettes */,
				F77A44591A3A5D64004C0990 /* PalettesTests */,
			);
		};
/* End PBXProject section */

/* Begin PBXResourcesBuildPhase section */
		F77A44431A3A5D64004C0990 /* Resources */ = {
			isa = PBXResourcesBuildPhase;
			buildActionMask = 2147483647;
			files = (
				F77A447C1A3A5DD2004C0990 /* Main.storyboard in Resources */,
				F77A44551A3A5D64004C0990 /* LaunchScreen.xib in Resources */,
				F77A44521A3A5D64004C0990 /* Images.xcassets in Resources */,
				F72F216B1A3FA0DA00FA397C /* palettes.json in Resources */,
			);
			runOnlyForDeploymentPostprocessing = 0;
		};
		F77A44581A3A5D64004C0990 /* Resources */ = {
			isa = PBXResourcesBuildPhase;
			buildActionMask = 2147483647;
			files = (
			);
			runOnlyForDeploymentPostprocessing = 0;
		};
/* End PBXResourcesBuildPhase section */

/* Begin PBXShellScriptBuildPhase section */
		08CCB77DE4A655A4D4C72702 /* Copy Pods Resources */ = {
			isa = PBXShellScriptBuildPhase;
			buildActionMask = 2147483647;
			files = (
			);
			inputPaths = (
			);
			name = "Copy Pods Resources";
			outputPaths = (
			);
			runOnlyForDeploymentPostprocessing = 0;
			shellPath = /bin/sh;
			shellScript = "\"${SRCROOT}/Pods/Target Support Files/Pods-PalettesTests/Pods-PalettesTests-resources.sh\"\n";
			showEnvVarsInLog = 0;
		};
		61C3D64261DEB80D77F22CB3 /* Copy Pods Resources */ = {
			isa = PBXShellScriptBuildPhase;
			buildActionMask = 2147483647;
			files = (
			);
			inputPaths = (
			);
			name = "Copy Pods Resources";
			outputPaths = (
			);
			runOnlyForDeploymentPostprocessing = 0;
			shellPath = /bin/sh;
			shellScript = "\"${SRCROOT}/Pods/Target Support Files/Pods-Palettes/Pods-Palettes-resources.sh\"\n";
			showEnvVarsInLog = 0;
		};
		99D667776B8ACC5FD347E22E /* Check Pods Manifest.lock */ = {
			isa = PBXShellScriptBuildPhase;
			buildActionMask = 2147483647;
			files = (
			);
			inputPaths = (
			);
			name = "Check Pods Manifest.lock";
			outputPaths = (
			);
			runOnlyForDeploymentPostprocessing = 0;
			shellPath = /bin/sh;
			shellScript = "diff \"${PODS_ROOT}/../Podfile.lock\" \"${PODS_ROOT}/Manifest.lock\" > /dev/null\nif [[ $? != 0 ]] ; then\n    cat << EOM\nerror: The sandbox is not in sync with the Podfile.lock. Run 'pod install' or update your CocoaPods installation.\nEOM\n    exit 1\nfi\n";
			showEnvVarsInLog = 0;
		};
		DFAEDF301047BD6634EFC0BA /* Check Pods Manifest.lock */ = {
			isa = PBXShellScriptBuildPhase;
			buildActionMask = 2147483647;
			files = (
			);
			inputPaths = (
			);
			name = "Check Pods Manifest.lock";
			outputPaths = (
			);
			runOnlyForDeploymentPostprocessing = 0;
			shellPath = /bin/sh;
			shellScript = "diff \"${PODS_ROOT}/../Podfile.lock\" \"${PODS_ROOT}/Manifest.lock\" > /dev/null\nif [[ $? != 0 ]] ; then\n    cat << EOM\nerror: The sandbox is not in sync with the Podfile.lock. Run 'pod install' or update your CocoaPods installation.\nEOM\n    exit 1\nfi\n";
			showEnvVarsInLog = 0;
		};
/* End PBXShellScriptBuildPhase section */

/* Begin PBXSourcesBuildPhase section */
		F77A44411A3A5D64004C0990 /* Sources */ = {
			isa = PBXSourcesBuildPhase;
			buildActionMask = 2147483647;
			files = (
				F77A44781A3A5D95004C0990 /* PalettesContentStore.swift in Sources */,
				F77A44771A3A5D95004C0990 /* PalettesViewController.swift in Sources */,
				F75B0DCC1A40286F00B0F10D /* ArrayTransformer.swift in Sources */,
				F72F216E1A3FA1AE00FA397C /* Palettes.xcdatamodeld in Sources */,
				F77A44721A3A5D95004C0990 /* ColourLovers.swift in Sources */,
				F77A44761A3A5D95004C0990 /* PalettesFlowLayout.swift in Sources */,
				F77A444B1A3A5D64004C0990 /* AppDelegate.swift in Sources */,
				F7C1A4531A3A87A10000B2C7 /* PaletteColorView.swift in Sources */,
				F72F21691A3F9F9600FA397C /* DataController.swift in Sources */,
				F7A532E31A400FB500D90606 /* BasicIncrementalStore.swift in Sources */,
				F77A44731A3A5D95004C0990 /* NetworkController.swift in Sources */,
				F7C1A4591A3A96190000B2C7 /* ReactiveCocoaBindings.swift in Sources */,
				F77A44791A3A5D95004C0990 /* UIColor+HexColors.swift in Sources */,
				F7EB5C5A1A402D6A00989A04 /* NSManagedObject+Palette.swift in Sources */,
				F766D3A01A3A8042003E4A7C /* NSData+JSON.swift in Sources */,
				F78C88EB1A3B65F200145D3B /* PaletteViewModel.swift in Sources */,
				F77A44751A3A5D95004C0990 /* PaletteCell.swift in Sources */,
				F7199F301A3F53A700CA4FFB /* CoreDataManager.swift in Sources */,
				F7C1A4561A3A8F530000B2C7 /* NSDictionary+Parsing.swift in Sources */,
				F7EB5C581A402C3C00989A04 /* Palette.swift in Sources */,
			);
			runOnlyForDeploymentPostprocessing = 0;
		};
		F77A44561A3A5D64004C0990 /* Sources */ = {
			isa = PBXSourcesBuildPhase;
			buildActionMask = 2147483647;
			files = (
				F77A44611A3A5D64004C0990 /* PalettesTests.swift in Sources */,
			);
			runOnlyForDeploymentPostprocessing = 0;
		};
/* End PBXSourcesBuildPhase section */

/* Begin PBXTargetDependency section */
		F77A445C1A3A5D64004C0990 /* PBXTargetDependency */ = {
			isa = PBXTargetDependency;
			target = F77A44441A3A5D64004C0990 /* Palettes */;
			targetProxy = F77A445B1A3A5D64004C0990 /* PBXContainerItemProxy */;
		};
/* End PBXTargetDependency section */

/* Begin PBXVariantGroup section */
		F77A44531A3A5D64004C0990 /* LaunchScreen.xib */ = {
			isa = PBXVariantGroup;
			children = (
				F77A44541A3A5D64004C0990 /* Base */,
			);
			name = LaunchScreen.xib;
			sourceTree = "<group>";
		};
		F77A447A1A3A5DD2004C0990 /* Main.storyboard */ = {
			isa = PBXVariantGroup;
			children = (
				F77A447B1A3A5DD2004C0990 /* Base */,
			);
			name = Main.storyboard;
			sourceTree = "<group>";
		};
/* End PBXVariantGroup section */

/* Begin XCBuildConfiguration section */
		F77A44621A3A5D64004C0990 /* Debug */ = {
			isa = XCBuildConfiguration;
			buildSettings = {
				ALWAYS_SEARCH_USER_PATHS = NO;
				CLANG_CXX_LANGUAGE_STANDARD = "gnu++0x";
				CLANG_CXX_LIBRARY = "libc++";
				CLANG_ENABLE_MODULES = YES;
				CLANG_ENABLE_OBJC_ARC = YES;
				CLANG_WARN_BOOL_CONVERSION = YES;
				CLANG_WARN_CONSTANT_CONVERSION = YES;
				CLANG_WARN_DIRECT_OBJC_ISA_USAGE = YES_ERROR;
				CLANG_WARN_EMPTY_BODY = YES;
				CLANG_WARN_ENUM_CONVERSION = YES;
				CLANG_WARN_INT_CONVERSION = YES;
				CLANG_WARN_OBJC_ROOT_CLASS = YES_ERROR;
				CLANG_WARN_UNREACHABLE_CODE = YES;
				CLANG_WARN__DUPLICATE_METHOD_MATCH = YES;
				"CODE_SIGN_IDENTITY[sdk=iphoneos*]" = "iPhone Developer";
				COPY_PHASE_STRIP = NO;
				ENABLE_STRICT_OBJC_MSGSEND = YES;
				GCC_C_LANGUAGE_STANDARD = gnu99;
				GCC_DYNAMIC_NO_PIC = NO;
				GCC_OPTIMIZATION_LEVEL = 0;
				GCC_PREPROCESSOR_DEFINITIONS = (
					"DEBUG=1",
					"$(inherited)",
				);
				GCC_SYMBOLS_PRIVATE_EXTERN = NO;
				GCC_WARN_64_TO_32_BIT_CONVERSION = YES;
				GCC_WARN_ABOUT_RETURN_TYPE = YES_ERROR;
				GCC_WARN_UNDECLARED_SELECTOR = YES;
				GCC_WARN_UNINITIALIZED_AUTOS = YES_AGGRESSIVE;
				GCC_WARN_UNUSED_FUNCTION = YES;
				GCC_WARN_UNUSED_VARIABLE = YES;
				IPHONEOS_DEPLOYMENT_TARGET = 8.1;
				MTL_ENABLE_DEBUG_INFO = YES;
				ONLY_ACTIVE_ARCH = YES;
				SDKROOT = iphoneos;
				SWIFT_OPTIMIZATION_LEVEL = "-Onone";
			};
			name = Debug;
		};
		F77A44631A3A5D64004C0990 /* Release */ = {
			isa = XCBuildConfiguration;
			buildSettings = {
				ALWAYS_SEARCH_USER_PATHS = NO;
				CLANG_CXX_LANGUAGE_STANDARD = "gnu++0x";
				CLANG_CXX_LIBRARY = "libc++";
				CLANG_ENABLE_MODULES = YES;
				CLANG_ENABLE_OBJC_ARC = YES;
				CLANG_WARN_BOOL_CONVERSION = YES;
				CLANG_WARN_CONSTANT_CONVERSION = YES;
				CLANG_WARN_DIRECT_OBJC_ISA_USAGE = YES_ERROR;
				CLANG_WARN_EMPTY_BODY = YES;
				CLANG_WARN_ENUM_CONVERSION = YES;
				CLANG_WARN_INT_CONVERSION = YES;
				CLANG_WARN_OBJC_ROOT_CLASS = YES_ERROR;
				CLANG_WARN_UNREACHABLE_CODE = YES;
				CLANG_WARN__DUPLICATE_METHOD_MATCH = YES;
				"CODE_SIGN_IDENTITY[sdk=iphoneos*]" = "iPhone Developer";
				COPY_PHASE_STRIP = YES;
				ENABLE_NS_ASSERTIONS = NO;
				ENABLE_STRICT_OBJC_MSGSEND = YES;
				GCC_C_LANGUAGE_STANDARD = gnu99;
				GCC_WARN_64_TO_32_BIT_CONVERSION = YES;
				GCC_WARN_ABOUT_RETURN_TYPE = YES_ERROR;
				GCC_WARN_UNDECLARED_SELECTOR = YES;
				GCC_WARN_UNINITIALIZED_AUTOS = YES_AGGRESSIVE;
				GCC_WARN_UNUSED_FUNCTION = YES;
				GCC_WARN_UNUSED_VARIABLE = YES;
				IPHONEOS_DEPLOYMENT_TARGET = 8.1;
				MTL_ENABLE_DEBUG_INFO = NO;
				SDKROOT = iphoneos;
				VALIDATE_PRODUCT = YES;
			};
			name = Release;
		};
		F77A44651A3A5D64004C0990 /* Debug */ = {
			isa = XCBuildConfiguration;
			baseConfigurationReference = D66E7F3F324FE620C82ADFCF /* Pods-Palettes.debug.xcconfig */;
			buildSettings = {
				ASSETCATALOG_COMPILER_APPICON_NAME = AppIcon;
				INFOPLIST_FILE = Palettes/Info.plist;
				IPHONEOS_DEPLOYMENT_TARGET = 8.0;
				LD_RUNPATH_SEARCH_PATHS = "$(inherited) @executable_path/Frameworks";
				PRODUCT_NAME = "$(TARGET_NAME)";
				SWIFT_OBJC_BRIDGING_HEADER = "Palettes/Palettes-Bridging-Header.h";
				TARGETED_DEVICE_FAMILY = "1,2";
			};
			name = Debug;
		};
		F77A44661A3A5D64004C0990 /* Release */ = {
			isa = XCBuildConfiguration;
			baseConfigurationReference = FA2E52F1AA940E4429907847 /* Pods-Palettes.release.xcconfig */;
			buildSettings = {
				ASSETCATALOG_COMPILER_APPICON_NAME = AppIcon;
				INFOPLIST_FILE = Palettes/Info.plist;
				IPHONEOS_DEPLOYMENT_TARGET = 8.0;
				LD_RUNPATH_SEARCH_PATHS = "$(inherited) @executable_path/Frameworks";
				PRODUCT_NAME = "$(TARGET_NAME)";
				SWIFT_OBJC_BRIDGING_HEADER = "Palettes/Palettes-Bridging-Header.h";
				TARGETED_DEVICE_FAMILY = "1,2";
			};
			name = Release;
		};
		F77A44681A3A5D64004C0990 /* Debug */ = {
			isa = XCBuildConfiguration;
			baseConfigurationReference = 5488DD2F9E08469414FE67AE /* Pods-PalettesTests.debug.xcconfig */;
			buildSettings = {
				BUNDLE_LOADER = "$(TEST_HOST)";
				FRAMEWORK_SEARCH_PATHS = (
					"$(SDKROOT)/Developer/Library/Frameworks",
					"$(inherited)",
				);
				GCC_PREPROCESSOR_DEFINITIONS = (
					"DEBUG=1",
					"$(inherited)",
				);
				INFOPLIST_FILE = PalettesTests/Info.plist;
				LD_RUNPATH_SEARCH_PATHS = "$(inherited) @executable_path/Frameworks @loader_path/Frameworks";
				PRODUCT_NAME = "$(TARGET_NAME)";
				TEST_HOST = "$(BUILT_PRODUCTS_DIR)/Palettes.app/Palettes";
			};
			name = Debug;
		};
		F77A44691A3A5D64004C0990 /* Release */ = {
			isa = XCBuildConfiguration;
			baseConfigurationReference = 5A58EEB63084ECEA0A451EA2 /* Pods-PalettesTests.release.xcconfig */;
			buildSettings = {
				BUNDLE_LOADER = "$(TEST_HOST)";
				FRAMEWORK_SEARCH_PATHS = (
					"$(SDKROOT)/Developer/Library/Frameworks",
					"$(inherited)",
				);
				INFOPLIST_FILE = PalettesTests/Info.plist;
				LD_RUNPATH_SEARCH_PATHS = "$(inherited) @executable_path/Frameworks @loader_path/Frameworks";
				PRODUCT_NAME = "$(TARGET_NAME)";
				TEST_HOST = "$(BUILT_PRODUCTS_DIR)/Palettes.app/Palettes";
			};
			name = Release;
		};
/* End XCBuildConfiguration section */

/* Begin XCConfigurationList section */
		F77A44401A3A5D64004C0990 /* Build configuration list for PBXProject "Palettes" */ = {
			isa = XCConfigurationList;
			buildConfigurations = (
				F77A44621A3A5D64004C0990 /* Debug */,
				F77A44631A3A5D64004C0990 /* Release */,
			);
			defaultConfigurationIsVisible = 0;
			defaultConfigurationName = Release;
		};
		F77A44641A3A5D64004C0990 /* Build configuration list for PBXNativeTarget "Palettes" */ = {
			isa = XCConfigurationList;
			buildConfigurations = (
				F77A44651A3A5D64004C0990 /* Debug */,
				F77A44661A3A5D64004C0990 /* Release */,
			);
			defaultConfigurationIsVisible = 0;
			defaultConfigurationName = Release;
		};
		F77A44671A3A5D64004C0990 /* Build configuration list for PBXNativeTarget "PalettesTests" */ = {
			isa = XCConfigurationList;
			buildConfigurations = (
				F77A44681A3A5D64004C0990 /* Debug */,
				F77A44691A3A5D64004C0990 /* Release */,
			);
			defaultConfigurationIsVisible = 0;
			defaultConfigurationName = Release;
		};
/* End XCConfigurationList section */

/* Begin XCVersionGroup section */
		F72F216C1A3FA1AE00FA397C /* Palettes.xcdatamodeld */ = {
			isa = XCVersionGroup;
			children = (
				F72F216D1A3FA1AE00FA397C /* Palettes.xcdatamodel */,
			);
			currentVersion = F72F216D1A3FA1AE00FA397C /* Palettes.xcdatamodel */;
			path = Palettes.xcdatamodeld;
			sourceTree = "<group>";
			versionGroupType = wrapper.xcdatamodel;
		};
/* End XCVersionGroup section */
	};
	rootObject = F77A443D1A3A5D64004C0990 /* Project object */;
}
